
Microsoft Visual Studio Solution File, Format Version 12.00
# Visual Studio Version 17
VisualStudioVersion = 17.9.34728.123
MinimumVisualStudioVersion = 10.0.40219.1
Project("{9A19103F-16F7-4668-BE54-9A1E7A4F7556}") = "Ai_LibraryApi", "Ai_LibraryApi.csproj", "{95E187D4-4E0E-45A3-A692-9DFB9D3D7FE8}"
EndProject
Global
	GlobalSection(SolutionConfigurationPlatforms) = preSolution
		Debug|Any CPU = Debug|Any CPU
		Release|Any CPU = Release|Any CPU
	EndGlobalSection
	GlobalSection(ProjectConfigurationPlatforms) = postSolution
		{95E187D4-4E0E-45A3-A692-9DFB9D3D7FE8}.Debug|Any CPU.ActiveCfg = Debug|Any CPU
		{95E187D4-4E0E-45A3-A692-9DFB9D3D7FE8}.Debug|Any CPU.Build.0 = Debug|Any CPU
		{95E187D4-4E0E-45A3-A692-9DFB9D3D7FE8}.Release|Any CPU.ActiveCfg = Release|Any CPU
		{95E187D4-4E0E-45A3-A692-9DFB9D3D7FE8}.Release|Any CPU.Build.0 = Release|Any CPU
	EndGlobalSection
	GlobalSection(SolutionProperties) = preSolution
		HideSolutionNode = FALSE
	EndGlobalSection
	GlobalSection(ExtensibilityGlobals) = postSolution
		SolutionGuid = {76B1E744-EEA0-4C59-A916-6A0436E6A2CA}
	EndGlobalSection
EndGlobal
